
Microsoft Visual Studio Solution File, Format Version 12.00
Project("{FAE04EC0-301F-11D3-BF4B-00C04F79EFBC}") = "MVC", "MVC\MVC.csproj", "{C220611D-B095-4F77-A7A7-6EBDE5235D6B}"
EndProject
Project("{2150E333-8FDC-42A3-9474-1A3956D46DE8}") = "Driver", "Driver", "{7131A313-84AD-4226-9288-6EA4780DCBCD}"
EndProject
Project("{FAE04EC0-301F-11D3-BF4B-00C04F79EFBC}") = "FeederDriver", "..\FeederDriver\FeederDriver\FeederDriver.csproj", "{8166E803-1801-48C6-9D68-F295EFBCB87E}"
EndProject
Global
	GlobalSection(SolutionConfigurationPlatforms) = preSolution
		Debug|Any CPU = Debug|Any CPU
		Release|Any CPU = Release|Any CPU
	EndGlobalSection
	GlobalSection(ProjectConfigurationPlatforms) = postSolution
		{C220611D-B095-4F77-A7A7-6EBDE5235D6B}.Debug|Any CPU.ActiveCfg = Debug|Any CPU
		{C220611D-B095-4F77-A7A7-6EBDE5235D6B}.Debug|Any CPU.Build.0 = Debug|Any CPU
		{C220611D-B095-4F77-A7A7-6EBDE5235D6B}.Release|Any CPU.ActiveCfg = Release|Any CPU
		{C220611D-B095-4F77-A7A7-6EBDE5235D6B}.Release|Any CPU.Build.0 = Release|Any CPU
		{8166E803-1801-48C6-9D68-F295EFBCB87E}.Debug|Any CPU.ActiveCfg = Debug|Any CPU
		{8166E803-1801-48C6-9D68-F295EFBCB87E}.Debug|Any CPU.Build.0 = Debug|Any CPU
		{8166E803-1801-48C6-9D68-F295EFBCB87E}.Release|Any CPU.ActiveCfg = Release|Any CPU
		{8166E803-1801-48C6-9D68-F295EFBCB87E}.Release|Any CPU.Build.0 = Release|Any CPU
	EndGlobalSection
	GlobalSection(NestedProjects) = preSolution
		{8166E803-1801-48C6-9D68-F295EFBCB87E} = {7131A313-84AD-4226-9288-6EA4780DCBCD}
	EndGlobalSection
EndGlobal
