
Microsoft Visual Studio Solution File, Format Version 12.00
Project("{FAE04EC0-301F-11D3-BF4B-00C04F79EFBC}") = "MVVM", "MVVM\MVVM.csproj", "{8B73991A-62AF-4E1D-8F74-54CD1E103383}"
EndProject
Project("{2150E333-8FDC-42A3-9474-1A3956D46DE8}") = "Driver", "Driver", "{4054A20D-4DE4-4765-87DE-57BF90B8E0D7}"
EndProject
Project("{FAE04EC0-301F-11D3-BF4B-00C04F79EFBC}") = "FeederDriver", "..\FeederDriver\FeederDriver\FeederDriver.csproj", "{3C2F987B-C4F7-4DC0-A6C2-93C79F377CC0}"
EndProject
Global
	GlobalSection(SolutionConfigurationPlatforms) = preSolution
		Debug|Any CPU = Debug|Any CPU
		Release|Any CPU = Release|Any CPU
	EndGlobalSection
	GlobalSection(ProjectConfigurationPlatforms) = postSolution
		{8B73991A-62AF-4E1D-8F74-54CD1E103383}.Debug|Any CPU.ActiveCfg = Debug|Any CPU
		{8B73991A-62AF-4E1D-8F74-54CD1E103383}.Debug|Any CPU.Build.0 = Debug|Any CPU
		{8B73991A-62AF-4E1D-8F74-54CD1E103383}.Release|Any CPU.ActiveCfg = Release|Any CPU
		{8B73991A-62AF-4E1D-8F74-54CD1E103383}.Release|Any CPU.Build.0 = Release|Any CPU
		{3C2F987B-C4F7-4DC0-A6C2-93C79F377CC0}.Debug|Any CPU.ActiveCfg = Debug|Any CPU
		{3C2F987B-C4F7-4DC0-A6C2-93C79F377CC0}.Debug|Any CPU.Build.0 = Debug|Any CPU
		{3C2F987B-C4F7-4DC0-A6C2-93C79F377CC0}.Release|Any CPU.ActiveCfg = Release|Any CPU
		{3C2F987B-C4F7-4DC0-A6C2-93C79F377CC0}.Release|Any CPU.Build.0 = Release|Any CPU
	EndGlobalSection
	GlobalSection(NestedProjects) = preSolution
		{3C2F987B-C4F7-4DC0-A6C2-93C79F377CC0} = {4054A20D-4DE4-4765-87DE-57BF90B8E0D7}
	EndGlobalSection
EndGlobal
